
Microsoft Visual Studio Solution File, Format Version 12.00
# Visual Studio Version 17
VisualStudioVersion = 17.3.32728.150
MinimumVisualStudioVersion = 10.0.40219.1
Project("{2150E333-8FDC-42A3-9474-1A3956D46DE8}") = "src", "src", "{D3353046-1E8A-4B73-A32E-603250333B95}"
EndProject
Project("{2150E333-8FDC-42A3-9474-1A3956D46DE8}") = "solution items", "solution items", "{A261A6F8-1378-4269-BC38-4B8346948D3D}"
	ProjectSection(SolutionItems) = preProject
		.editorconfig = .editorconfig
		.gitignore = .gitignore
		LICENSE = LICENSE
		README.md = README.md
	EndProjectSection
EndProject
Project("{2150E333-8FDC-42A3-9474-1A3956D46DE8}") = "Core", "Core", "{AD5D104E-0546-4B10-98E7-CC6F5AC644D9}"
EndProject
Project("{2150E333-8FDC-42A3-9474-1A3956D46DE8}") = "UI", "UI", "{3C0B7979-B422-4941-BF50-713BBE409695}"
EndProject
Project("{9A19103F-16F7-4668-BE54-9A1E7A4F7556}") = "XAF.UI.WPF", "src\UI\XAF.WPF\XAF.UI.WPF.csproj", "{1DC3F19D-5179-4012-A362-4656DA7EE3E7}"
EndProject
Project("{FAE04EC0-301F-11D3-BF4B-00C04F79EFBC}") = "XAF.Core", "src\Core\XAF.Core\XAF.Core.csproj", "{A6AEA2BC-434D-4F4A-870B-524F2BE55104}"
EndProject
Project("{2150E333-8FDC-42A3-9474-1A3956D46DE8}") = "WPF", "WPF", "{1B51F920-DDD7-4D40-9C6B-BC45C1CBBBD4}"
EndProject
Project("{FAE04EC0-301F-11D3-BF4B-00C04F79EFBC}") = "XAF.WPF", "src\WPF\XAF.WPF\XAF.WPF.csproj", "{699345B5-FDB7-415F-8931-A52EC101ECAB}"
EndProject
Global
	GlobalSection(SolutionConfigurationPlatforms) = preSolution
		Debug|Any CPU = Debug|Any CPU
		Release|Any CPU = Release|Any CPU
	EndGlobalSection
	GlobalSection(ProjectConfigurationPlatforms) = postSolution
		{1DC3F19D-5179-4012-A362-4656DA7EE3E7}.Debug|Any CPU.ActiveCfg = Debug|Any CPU
		{1DC3F19D-5179-4012-A362-4656DA7EE3E7}.Debug|Any CPU.Build.0 = Debug|Any CPU
		{1DC3F19D-5179-4012-A362-4656DA7EE3E7}.Release|Any CPU.ActiveCfg = Release|Any CPU
		{1DC3F19D-5179-4012-A362-4656DA7EE3E7}.Release|Any CPU.Build.0 = Release|Any CPU
		{A6AEA2BC-434D-4F4A-870B-524F2BE55104}.Debug|Any CPU.ActiveCfg = Debug|Any CPU
		{A6AEA2BC-434D-4F4A-870B-524F2BE55104}.Debug|Any CPU.Build.0 = Debug|Any CPU
		{A6AEA2BC-434D-4F4A-870B-524F2BE55104}.Release|Any CPU.ActiveCfg = Release|Any CPU
		{A6AEA2BC-434D-4F4A-870B-524F2BE55104}.Release|Any CPU.Build.0 = Release|Any CPU
		{699345B5-FDB7-415F-8931-A52EC101ECAB}.Debug|Any CPU.ActiveCfg = Debug|Any CPU
		{699345B5-FDB7-415F-8931-A52EC101ECAB}.Debug|Any CPU.Build.0 = Debug|Any CPU
		{699345B5-FDB7-415F-8931-A52EC101ECAB}.Release|Any CPU.ActiveCfg = Release|Any CPU
		{699345B5-FDB7-415F-8931-A52EC101ECAB}.Release|Any CPU.Build.0 = Release|Any CPU
	EndGlobalSection
	GlobalSection(SolutionProperties) = preSolution
		HideSolutionNode = FALSE
	EndGlobalSection
	GlobalSection(NestedProjects) = preSolution
		{AD5D104E-0546-4B10-98E7-CC6F5AC644D9} = {D3353046-1E8A-4B73-A32E-603250333B95}
		{3C0B7979-B422-4941-BF50-713BBE409695} = {D3353046-1E8A-4B73-A32E-603250333B95}
		{1DC3F19D-5179-4012-A362-4656DA7EE3E7} = {3C0B7979-B422-4941-BF50-713BBE409695}
		{A6AEA2BC-434D-4F4A-870B-524F2BE55104} = {AD5D104E-0546-4B10-98E7-CC6F5AC644D9}
		{1B51F920-DDD7-4D40-9C6B-BC45C1CBBBD4} = {D3353046-1E8A-4B73-A32E-603250333B95}
		{699345B5-FDB7-415F-8931-A52EC101ECAB} = {1B51F920-DDD7-4D40-9C6B-BC45C1CBBBD4}
	EndGlobalSection
	GlobalSection(ExtensibilityGlobals) = postSolution
		SolutionGuid = {51C1A1B1-E22A-455B-9A25-AF50DCBD7CF6}
	EndGlobalSection
EndGlobal
