
Microsoft Visual Studio Solution File, Format Version 12.00
# Visual Studio Version 17
VisualStudioVersion = 17.3.32728.150
MinimumVisualStudioVersion = 10.0.40219.1
Project("{2150E333-8FDC-42A3-9474-1A3956D46DE8}") = "src", "src", "{D3353046-1E8A-4B73-A32E-603250333B95}"
EndProject
Project("{2150E333-8FDC-42A3-9474-1A3956D46DE8}") = "solution items", "solution items", "{A261A6F8-1378-4269-BC38-4B8346948D3D}"
	ProjectSection(SolutionItems) = preProject
		.editorconfig = .editorconfig
		.gitignore = .gitignore
		LICENSE = LICENSE
		README.md = README.md
	EndProjectSection
EndProject
Project("{2150E333-8FDC-42A3-9474-1A3956D46DE8}") = "examples", "examples", "{8C83447D-46C2-4510-BDC0-C57D60E72D8C}"
EndProject
Project("{2150E333-8FDC-42A3-9474-1A3956D46DE8}") = "WpfPluginApp", "WpfPluginApp", "{B4B0A4E7-3CB9-4A48-9F12-36D0149365D8}"
EndProject
Project("{9A19103F-16F7-4668-BE54-9A1E7A4F7556}") = "WpfPluginApp", "Examples\WpfPluginApp\WpfPluginApp\WpfPluginApp.csproj", "{8DCE11B3-6104-40A9-85AF-73A2C4D214E4}"
EndProject
Project("{9A19103F-16F7-4668-BE54-9A1E7A4F7556}") = "WpfPlugin", "Examples\WpfPluginApp\WpfPlugin\WpfPlugin.csproj", "{66E98156-4FD1-4B73-BD10-A8CF3647D24A}"
EndProject
Project("{2150E333-8FDC-42A3-9474-1A3956D46DE8}") = "Modularity", "Modularity", "{AD5D104E-0546-4B10-98E7-CC6F5AC644D9}"
EndProject
Project("{2150E333-8FDC-42A3-9474-1A3956D46DE8}") = "Hosting", "Hosting", "{FA1449F0-C904-4F7C-BF25-B56F5868D8C4}"
EndProject
Project("{2150E333-8FDC-42A3-9474-1A3956D46DE8}") = "UI", "UI", "{3C0B7979-B422-4941-BF50-713BBE409695}"
EndProject
Project("{9A19103F-16F7-4668-BE54-9A1E7A4F7556}") = "XAF.UI.WPF", "src\UI\XAF.WPF\XAF.UI.WPF.csproj", "{1DC3F19D-5179-4012-A362-4656DA7EE3E7}"
EndProject
Project("{9A19103F-16F7-4668-BE54-9A1E7A4F7556}") = "XAF.Modularity.Abstraction", "src\Modularity\XAF.Abstraction\XAF.Modularity.Abstraction.csproj", "{91DD27BE-8C35-4173-93C5-E212F7D01182}"
EndProject
Project("{9A19103F-16F7-4668-BE54-9A1E7A4F7556}") = "XAF.Modularity", "src\Modularity\XAF.Modularity\XAF.Modularity.csproj", "{EBB9040B-35F5-4E72-B6DF-2FC51240106A}"
EndProject
Project("{9A19103F-16F7-4668-BE54-9A1E7A4F7556}") = "XAF.Hosting", "src\Hosting\XAF.Hosting\XAF.Hosting.csproj", "{C47425AB-D37C-4EBA-BA24-16AEFD8D9063}"
EndProject
Project("{9A19103F-16F7-4668-BE54-9A1E7A4F7556}") = "XAF.Hosting.Abstraction", "src\Hosting\XAF.Hosting.Abstraction\XAF.Hosting.Abstraction.csproj", "{6C189F75-C5B1-4348-8668-607CBC808B6A}"
EndProject
Project("{9A19103F-16F7-4668-BE54-9A1E7A4F7556}") = "XAF.Utilities", "src\XAF\XAF.Utilities.csproj", "{AA8F5B66-E9D3-474D-BA69-2106BCA41AFC}"
EndProject
Project("{9A19103F-16F7-4668-BE54-9A1E7A4F7556}") = "XAF.UI.Abstraction", "src\UI\XAF.UI.Abstraction\XAF.UI.Abstraction.csproj", "{5886FB28-07AD-40ED-B5D3-E687A5082C17}"
EndProject
Project("{9A19103F-16F7-4668-BE54-9A1E7A4F7556}") = "XAF.UI.Reactive", "src\UI\XAF.UI.Reactive\XAF.UI.Reactive.csproj", "{26AFCE4B-717C-4E23-92C4-6F0B3D5F1401}"
EndProject
Project("{9A19103F-16F7-4668-BE54-9A1E7A4F7556}") = "XAF.UI", "src\UI\XAF.UI\XAF.UI.csproj", "{F6C64155-6063-4C5E-855F-379926EFDF96}"
EndProject
Global
	GlobalSection(SolutionConfigurationPlatforms) = preSolution
		Debug|Any CPU = Debug|Any CPU
		Release|Any CPU = Release|Any CPU
	EndGlobalSection
	GlobalSection(ProjectConfigurationPlatforms) = postSolution
		{8DCE11B3-6104-40A9-85AF-73A2C4D214E4}.Debug|Any CPU.ActiveCfg = Debug|Any CPU
		{8DCE11B3-6104-40A9-85AF-73A2C4D214E4}.Debug|Any CPU.Build.0 = Debug|Any CPU
		{8DCE11B3-6104-40A9-85AF-73A2C4D214E4}.Release|Any CPU.ActiveCfg = Release|Any CPU
		{8DCE11B3-6104-40A9-85AF-73A2C4D214E4}.Release|Any CPU.Build.0 = Release|Any CPU
		{66E98156-4FD1-4B73-BD10-A8CF3647D24A}.Debug|Any CPU.ActiveCfg = Debug|Any CPU
		{66E98156-4FD1-4B73-BD10-A8CF3647D24A}.Debug|Any CPU.Build.0 = Debug|Any CPU
		{66E98156-4FD1-4B73-BD10-A8CF3647D24A}.Release|Any CPU.ActiveCfg = Release|Any CPU
		{66E98156-4FD1-4B73-BD10-A8CF3647D24A}.Release|Any CPU.Build.0 = Release|Any CPU
		{1DC3F19D-5179-4012-A362-4656DA7EE3E7}.Debug|Any CPU.ActiveCfg = Debug|Any CPU
		{1DC3F19D-5179-4012-A362-4656DA7EE3E7}.Debug|Any CPU.Build.0 = Debug|Any CPU
		{1DC3F19D-5179-4012-A362-4656DA7EE3E7}.Release|Any CPU.ActiveCfg = Release|Any CPU
		{1DC3F19D-5179-4012-A362-4656DA7EE3E7}.Release|Any CPU.Build.0 = Release|Any CPU
		{91DD27BE-8C35-4173-93C5-E212F7D01182}.Debug|Any CPU.ActiveCfg = Debug|Any CPU
		{91DD27BE-8C35-4173-93C5-E212F7D01182}.Debug|Any CPU.Build.0 = Debug|Any CPU
		{91DD27BE-8C35-4173-93C5-E212F7D01182}.Release|Any CPU.ActiveCfg = Release|Any CPU
		{91DD27BE-8C35-4173-93C5-E212F7D01182}.Release|Any CPU.Build.0 = Release|Any CPU
		{EBB9040B-35F5-4E72-B6DF-2FC51240106A}.Debug|Any CPU.ActiveCfg = Debug|Any CPU
		{EBB9040B-35F5-4E72-B6DF-2FC51240106A}.Debug|Any CPU.Build.0 = Debug|Any CPU
		{EBB9040B-35F5-4E72-B6DF-2FC51240106A}.Release|Any CPU.ActiveCfg = Release|Any CPU
		{EBB9040B-35F5-4E72-B6DF-2FC51240106A}.Release|Any CPU.Build.0 = Release|Any CPU
		{C47425AB-D37C-4EBA-BA24-16AEFD8D9063}.Debug|Any CPU.ActiveCfg = Debug|Any CPU
		{C47425AB-D37C-4EBA-BA24-16AEFD8D9063}.Debug|Any CPU.Build.0 = Debug|Any CPU
		{C47425AB-D37C-4EBA-BA24-16AEFD8D9063}.Release|Any CPU.ActiveCfg = Release|Any CPU
		{C47425AB-D37C-4EBA-BA24-16AEFD8D9063}.Release|Any CPU.Build.0 = Release|Any CPU
		{6C189F75-C5B1-4348-8668-607CBC808B6A}.Debug|Any CPU.ActiveCfg = Debug|Any CPU
		{6C189F75-C5B1-4348-8668-607CBC808B6A}.Debug|Any CPU.Build.0 = Debug|Any CPU
		{6C189F75-C5B1-4348-8668-607CBC808B6A}.Release|Any CPU.ActiveCfg = Release|Any CPU
		{6C189F75-C5B1-4348-8668-607CBC808B6A}.Release|Any CPU.Build.0 = Release|Any CPU
		{AA8F5B66-E9D3-474D-BA69-2106BCA41AFC}.Debug|Any CPU.ActiveCfg = Debug|Any CPU
		{AA8F5B66-E9D3-474D-BA69-2106BCA41AFC}.Debug|Any CPU.Build.0 = Debug|Any CPU
		{AA8F5B66-E9D3-474D-BA69-2106BCA41AFC}.Release|Any CPU.ActiveCfg = Release|Any CPU
		{AA8F5B66-E9D3-474D-BA69-2106BCA41AFC}.Release|Any CPU.Build.0 = Release|Any CPU
		{5886FB28-07AD-40ED-B5D3-E687A5082C17}.Debug|Any CPU.ActiveCfg = Debug|Any CPU
		{5886FB28-07AD-40ED-B5D3-E687A5082C17}.Debug|Any CPU.Build.0 = Debug|Any CPU
		{5886FB28-07AD-40ED-B5D3-E687A5082C17}.Release|Any CPU.ActiveCfg = Release|Any CPU
		{5886FB28-07AD-40ED-B5D3-E687A5082C17}.Release|Any CPU.Build.0 = Release|Any CPU
		{26AFCE4B-717C-4E23-92C4-6F0B3D5F1401}.Debug|Any CPU.ActiveCfg = Debug|Any CPU
		{26AFCE4B-717C-4E23-92C4-6F0B3D5F1401}.Debug|Any CPU.Build.0 = Debug|Any CPU
		{26AFCE4B-717C-4E23-92C4-6F0B3D5F1401}.Release|Any CPU.ActiveCfg = Release|Any CPU
		{26AFCE4B-717C-4E23-92C4-6F0B3D5F1401}.Release|Any CPU.Build.0 = Release|Any CPU
		{F6C64155-6063-4C5E-855F-379926EFDF96}.Debug|Any CPU.ActiveCfg = Debug|Any CPU
		{F6C64155-6063-4C5E-855F-379926EFDF96}.Debug|Any CPU.Build.0 = Debug|Any CPU
		{F6C64155-6063-4C5E-855F-379926EFDF96}.Release|Any CPU.ActiveCfg = Release|Any CPU
		{F6C64155-6063-4C5E-855F-379926EFDF96}.Release|Any CPU.Build.0 = Release|Any CPU
	EndGlobalSection
	GlobalSection(SolutionProperties) = preSolution
		HideSolutionNode = FALSE
	EndGlobalSection
	GlobalSection(NestedProjects) = preSolution
		{B4B0A4E7-3CB9-4A48-9F12-36D0149365D8} = {8C83447D-46C2-4510-BDC0-C57D60E72D8C}
		{8DCE11B3-6104-40A9-85AF-73A2C4D214E4} = {B4B0A4E7-3CB9-4A48-9F12-36D0149365D8}
		{66E98156-4FD1-4B73-BD10-A8CF3647D24A} = {B4B0A4E7-3CB9-4A48-9F12-36D0149365D8}
		{AD5D104E-0546-4B10-98E7-CC6F5AC644D9} = {D3353046-1E8A-4B73-A32E-603250333B95}
		{FA1449F0-C904-4F7C-BF25-B56F5868D8C4} = {D3353046-1E8A-4B73-A32E-603250333B95}
		{3C0B7979-B422-4941-BF50-713BBE409695} = {D3353046-1E8A-4B73-A32E-603250333B95}
		{1DC3F19D-5179-4012-A362-4656DA7EE3E7} = {3C0B7979-B422-4941-BF50-713BBE409695}
		{91DD27BE-8C35-4173-93C5-E212F7D01182} = {AD5D104E-0546-4B10-98E7-CC6F5AC644D9}
		{EBB9040B-35F5-4E72-B6DF-2FC51240106A} = {AD5D104E-0546-4B10-98E7-CC6F5AC644D9}
		{C47425AB-D37C-4EBA-BA24-16AEFD8D9063} = {FA1449F0-C904-4F7C-BF25-B56F5868D8C4}
		{6C189F75-C5B1-4348-8668-607CBC808B6A} = {FA1449F0-C904-4F7C-BF25-B56F5868D8C4}
		{AA8F5B66-E9D3-474D-BA69-2106BCA41AFC} = {D3353046-1E8A-4B73-A32E-603250333B95}
		{5886FB28-07AD-40ED-B5D3-E687A5082C17} = {3C0B7979-B422-4941-BF50-713BBE409695}
		{26AFCE4B-717C-4E23-92C4-6F0B3D5F1401} = {3C0B7979-B422-4941-BF50-713BBE409695}
		{F6C64155-6063-4C5E-855F-379926EFDF96} = {3C0B7979-B422-4941-BF50-713BBE409695}
	EndGlobalSection
	GlobalSection(ExtensibilityGlobals) = postSolution
		SolutionGuid = {51C1A1B1-E22A-455B-9A25-AF50DCBD7CF6}
	EndGlobalSection
EndGlobal
